// !$*UTF8*$!
{
	archiveVersion = 1;
	classes = {
	};
	objectVersion = 46;
	objects = {

/* Begin PBXBuildFile section */
		886B10691845E0F60058E949 /* Foundation.framework in Frameworks */ = {isa = PBXBuildFile; fileRef = 886B10681845E0F60058E949 /* Foundation.framework */; };
		886B106B1845E0F60058E949 /* CoreGraphics.framework in Frameworks */ = {isa = PBXBuildFile; fileRef = 886B106A1845E0F60058E949 /* CoreGraphics.framework */; };
		886B106D1845E0F60058E949 /* UIKit.framework in Frameworks */ = {isa = PBXBuildFile; fileRef = 886B106C1845E0F60058E949 /* UIKit.framework */; };
		886B106F1845E0F60058E949 /* CoreData.framework in Frameworks */ = {isa = PBXBuildFile; fileRef = 886B106E1845E0F60058E949 /* CoreData.framework */; };
		886B10751845E0F60058E949 /* InfoPlist.strings in Resources */ = {isa = PBXBuildFile; fileRef = 886B10731845E0F60058E949 /* InfoPlist.strings */; };
		886B10771845E0F60058E949 /* main.m in Sources */ = {isa = PBXBuildFile; fileRef = 886B10761845E0F60058E949 /* main.m */; };
		886B107B1845E0F60058E949 /* AppDelegate.m in Sources */ = {isa = PBXBuildFile; fileRef = 886B107A1845E0F60058E949 /* AppDelegate.m */; };
		886B107E1845E0F60058E949 /* CoolProj.xcdatamodeld in Sources */ = {isa = PBXBuildFile; fileRef = 886B107C1845E0F60058E949 /* CoolProj.xcdatamodeld */; };
		886B10801845E0F60058E949 /* Images.xcassets in Resources */ = {isa = PBXBuildFile; fileRef = 886B107F1845E0F60058E949 /* Images.xcassets */; };
		886B10871845E0F70058E949 /* XCTest.framework in Frameworks */ = {isa = PBXBuildFile; fileRef = 886B10861845E0F70058E949 /* XCTest.framework */; };
		886B10881845E0F70058E949 /* Foundation.framework in Frameworks */ = {isa = PBXBuildFile; fileRef = 886B10681845E0F60058E949 /* Foundation.framework */; };
		886B10891845E0F70058E949 /* UIKit.framework in Frameworks */ = {isa = PBXBuildFile; fileRef = 886B106C1845E0F60058E949 /* UIKit.framework */; };
		886B108A1845E0F70058E949 /* CoreData.framework in Frameworks */ = {isa = PBXBuildFile; fileRef = 886B106E1845E0F60058E949 /* CoreData.framework */; };
		886B10921845E0F70058E949 /* InfoPlist.strings in Resources */ = {isa = PBXBuildFile; fileRef = 886B10901845E0F70058E949 /* InfoPlist.strings */; };
		886B10941845E0F70058E949 /* CoolProjTests.m in Sources */ = {isa = PBXBuildFile; fileRef = 886B10931845E0F70058E949 /* CoolProjTests.m */; };
/* End PBXBuildFile section */

/* Begin PBXContainerItemProxy section */
		886B108B1845E0F70058E949 /* PBXContainerItemProxy */ = {
			isa = PBXContainerItemProxy;
			containerPortal = 886B105D1845E0F60058E949 /* Project object */;
			proxyType = 1;
			remoteGlobalIDString = 886B10641845E0F60058E949;
			remoteInfo = CoolProj;
		};
/* End PBXContainerItemProxy section */

/* Begin PBXFileReference section */
		886B10651845E0F60058E949 /* CoolProj.app */ = {isa = PBXFileReference; explicitFileType = wrapper.application; includeInIndex = 0; path = CoolProj.app; sourceTree = BUILT_PRODUCTS_DIR; };
		886B10681845E0F60058E949 /* Foundation.framework */ = {isa = PBXFileReference; lastKnownFileType = wrapper.framework; name = Foundation.framework; path = System/Library/Frameworks/Foundation.framework; sourceTree = SDKROOT; };
		886B106A1845E0F60058E949 /* CoreGraphics.framework */ = {isa = PBXFileReference; lastKnownFileType = wrapper.framework; name = CoreGraphics.framework; path = System/Library/Frameworks/CoreGraphics.framework; sourceTree = SDKROOT; };
		886B106C1845E0F60058E949 /* UIKit.framework */ = {isa = PBXFileReference; lastKnownFileType = wrapper.framework; name = UIKit.framework; path = System/Library/Frameworks/UIKit.framework; sourceTree = SDKROOT; };
		886B106E1845E0F60058E949 /* CoreData.framework */ = {isa = PBXFileReference; lastKnownFileType = wrapper.framework; name = CoreData.framework; path = System/Library/Frameworks/CoreData.framework; sourceTree = SDKROOT; };
		886B10721845E0F60058E949 /* CoolProj-Info.plist */ = {isa = PBXFileReference; lastKnownFileType = text.plist.xml; path = "CoolProj-Info.plist"; sourceTree = "<group>"; };
		886B10741845E0F60058E949 /* en */ = {isa = PBXFileReference; lastKnownFileType = text.plist.strings; name = en; path = en.lproj/InfoPlist.strings; sourceTree = "<group>"; };
		886B10761845E0F60058E949 /* main.m */ = {isa = PBXFileReference; lastKnownFileType = sourcecode.c.objc; path = main.m; sourceTree = "<group>"; };
		886B10781845E0F60058E949 /* CoolProj-Prefix.pch */ = {isa = PBXFileReference; lastKnownFileType = sourcecode.c.h; path = "CoolProj-Prefix.pch"; sourceTree = "<group>"; };
		886B10791845E0F60058E949 /* AppDelegate.h */ = {isa = PBXFileReference; lastKnownFileType = sourcecode.c.h; path = AppDelegate.h; sourceTree = "<group>"; };
		886B107A1845E0F60058E949 /* AppDelegate.m */ = {isa = PBXFileReference; lastKnownFileType = sourcecode.c.objc; path = AppDelegate.m; sourceTree = "<group>"; };
		886B107D1845E0F60058E949 /* CoolProj.xcdatamodel */ = {isa = PBXFileReference; lastKnownFileType = wrapper.xcdatamodel; path = CoolProj.xcdatamodel; sourceTree = "<group>"; };
		886B107F1845E0F60058E949 /* Images.xcassets */ = {isa = PBXFileReference; lastKnownFileType = folder.assetcatalog; path = Images.xcassets; sourceTree = "<group>"; };
		886B10851845E0F70058E949 /* CoolProjTests.xctest */ = {isa = PBXFileReference; explicitFileType = wrapper.cfbundle; includeInIndex = 0; path = CoolProjTests.xctest; sourceTree = BUILT_PRODUCTS_DIR; };
		886B10861845E0F70058E949 /* XCTest.framework */ = {isa = PBXFileReference; lastKnownFileType = wrapper.framework; name = XCTest.framework; path = Library/Frameworks/XCTest.framework; sourceTree = DEVELOPER_DIR; };
		886B108F1845E0F70058E949 /* CoolProjTests-Info.plist */ = {isa = PBXFileReference; lastKnownFileType = text.plist.xml; path = "CoolProjTests-Info.plist"; sourceTree = "<group>"; };
		886B10911845E0F70058E949 /* en */ = {isa = PBXFileReference; lastKnownFileType = text.plist.strings; name = en; path = en.lproj/InfoPlist.strings; sourceTree = "<group>"; };
		886B10931845E0F70058E949 /* CoolProjTests.m */ = {isa = PBXFileReference; lastKnownFileType = sourcecode.c.objc; path = CoolProjTests.m; sourceTree = "<group>"; };
/* End PBXFileReference section */

/* Begin PBXFrameworksBuildPhase section */
		886B10621845E0F60058E949 /* Frameworks */ = {
			isa = PBXFrameworksBuildPhase;
			buildActionMask = 2147483647;
			files = (
				886B106B1845E0F60058E949 /* CoreGraphics.framework in Frameworks */,
				886B106F1845E0F60058E949 /* CoreData.framework in Frameworks */,
				886B106D1845E0F60058E949 /* UIKit.framework in Frameworks */,
				886B10691845E0F60058E949 /* Foundation.framework in Frameworks */,
			);
			runOnlyForDeploymentPostprocessing = 0;
		};
		886B10821845E0F70058E949 /* Frameworks */ = {
			isa = PBXFrameworksBuildPhase;
			buildActionMask = 2147483647;
			files = (
				886B10871845E0F70058E949 /* XCTest.framework in Frameworks */,
				886B108A1845E0F70058E949 /* CoreData.framework in Frameworks */,
				886B10891845E0F70058E949 /* UIKit.framework in Frameworks */,
				886B10881845E0F70058E949 /* Foundation.framework in Frameworks */,
			);
			runOnlyForDeploymentPostprocessing = 0;
		};
/* End PBXFrameworksBuildPhase section */

/* Begin PBXGroup section */
		886B105C1845E0F60058E949 = {
			isa = PBXGroup;
			children = (
				886B10701845E0F60058E949 /* CoolProj */,
				886B108D1845E0F70058E949 /* CoolProjTests */,
				886B10671845E0F60058E949 /* Frameworks */,
				886B10661845E0F60058E949 /* Products */,
			);
			sourceTree = "<group>";
		};
		886B10661845E0F60058E949 /* Products */ = {
			isa = PBXGroup;
			children = (
				886B10651845E0F60058E949 /* CoolProj.app */,
				886B10851845E0F70058E949 /* CoolProjTests.xctest */,
			);
			name = Products;
			sourceTree = "<group>";
		};
		886B10671845E0F60058E949 /* Frameworks */ = {
			isa = PBXGroup;
			children = (
				886B10681845E0F60058E949 /* Foundation.framework */,
				886B106A1845E0F60058E949 /* CoreGraphics.framework */,
				886B106C1845E0F60058E949 /* UIKit.framework */,
				886B106E1845E0F60058E949 /* CoreData.framework */,
				886B10861845E0F70058E949 /* XCTest.framework */,
			);
			name = Frameworks;
			sourceTree = "<group>";
		};
		886B10701845E0F60058E949 /* CoolProj */ = {
			isa = PBXGroup;
			children = (
				886B10791845E0F60058E949 /* AppDelegate.h */,
				886B107A1845E0F60058E949 /* AppDelegate.m */,
				886B107F1845E0F60058E949 /* Images.xcassets */,
				886B107C1845E0F60058E949 /* CoolProj.xcdatamodeld */,
				886B10711845E0F60058E949 /* Supporting Files */,
			);
			path = CoolProj;
			sourceTree = "<group>";
		};
		886B10711845E0F60058E949 /* Supporting Files */ = {
			isa = PBXGroup;
			children = (
				886B10721845E0F60058E949 /* CoolProj-Info.plist */,
				886B10731845E0F60058E949 /* InfoPlist.strings */,
				886B10761845E0F60058E949 /* main.m */,
				886B10781845E0F60058E949 /* CoolProj-Prefix.pch */,
			);
			name = "Supporting Files";
			sourceTree = "<group>";
		};
		886B108D1845E0F70058E949 /* CoolProjTests */ = {
			isa = PBXGroup;
			children = (
				886B10931845E0F70058E949 /* CoolProjTests.m */,
				886B108E1845E0F70058E949 /* Supporting Files */,
			);
			path = CoolProjTests;
			sourceTree = "<group>";
		};
		886B108E1845E0F70058E949 /* Supporting Files */ = {
			isa = PBXGroup;
			children = (
				886B108F1845E0F70058E949 /* CoolProjTests-Info.plist */,
				886B10901845E0F70058E949 /* InfoPlist.strings */,
			);
			name = "Supporting Files";
			sourceTree = "<group>";
		};
/* End PBXGroup section */

/* Begin PBXNativeTarget section */
		886B10641845E0F60058E949 /* CoolProj */ = {
			isa = PBXNativeTarget;
			buildConfigurationList = 886B10971845E0F70058E949 /* Build configuration list for PBXNativeTarget "CoolProj" */;
			buildPhases = (
				886B10611845E0F60058E949 /* Sources */,
				886B10621845E0F60058E949 /* Frameworks */,
				886B10631845E0F60058E949 /* Resources */,
			);
			buildRules = (
			);
			dependencies = (
			);
			name = CoolProj;
			productName = CoolProj;
			productReference = 886B10651845E0F60058E949 /* CoolProj.app */;
			productType = "com.apple.product-type.application";
		};
		886B10841845E0F70058E949 /* CoolProjTests */ = {
			isa = PBXNativeTarget;
			buildConfigurationList = 886B109A1845E0F70058E949 /* Build configuration list for PBXNativeTarget "CoolProjTests" */;
			buildPhases = (
				886B10811845E0F70058E949 /* Sources */,
				886B10821845E0F70058E949 /* Frameworks */,
				886B10831845E0F70058E949 /* Resources */,
			);
			buildRules = (
			);
			dependencies = (
				886B108C1845E0F70058E949 /* PBXTargetDependency */,
			);
			name = CoolProjTests;
			productName = CoolProjTests;
			productReference = 886B10851845E0F70058E949 /* CoolProjTests.xctest */;
			productType = "com.apple.product-type.bundle.unit-test";
		};
/* End PBXNativeTarget section */

/* Begin PBXProject section */
		886B105D1845E0F60058E949 /* Project object */ = {
			isa = PBXProject;
			attributes = {
				LastUpgradeCheck = 0500;
				ORGANIZATIONNAME = iMac;
				TargetAttributes = {
					886B10841845E0F70058E949 = {
						TestTargetID = 886B10641845E0F60058E949;
					};
				};
			};
			buildConfigurationList = 886B10601845E0F60058E949 /* Build configuration list for PBXProject "CoolProj" */;
			compatibilityVersion = "Xcode 3.2";
			developmentRegion = English;
			hasScannedForEncodings = 0;
			knownRegions = (
				en,
			);
			mainGroup = 886B105C1845E0F60058E949;
			productRefGroup = 886B10661845E0F60058E949 /* Products */;
			projectDirPath = "";
			projectRoot = "";
			targets = (
				886B10641845E0F60058E949 /* CoolProj */,
				886B10841845E0F70058E949 /* CoolProjTests */,
			);
		};
/* End PBXProject section */

/* Begin PBXResourcesBuildPhase section */
		886B10631845E0F60058E949 /* Resources */ = {
			isa = PBXResourcesBuildPhase;
			buildActionMask = 2147483647;
			files = (
				886B10751845E0F60058E949 /* InfoPlist.strings in Resources */,
				886B10801845E0F60058E949 /* Images.xcassets in Resources */,
			);
			runOnlyForDeploymentPostprocessing = 0;
		};
		886B10831845E0F70058E949 /* Resources */ = {
			isa = PBXResourcesBuildPhase;
			buildActionMask = 2147483647;
			files = (
				886B10921845E0F70058E949 /* InfoPlist.strings in Resources */,
			);
			runOnlyForDeploymentPostprocessing = 0;
		};
/* End PBXResourcesBuildPhase section */

/* Begin PBXSourcesBuildPhase section */
		886B10611845E0F60058E949 /* Sources */ = {
			isa = PBXSourcesBuildPhase;
			buildActionMask = 2147483647;
			files = (
				886B107B1845E0F60058E949 /* AppDelegate.m in Sources */,
				886B10771845E0F60058E949 /* main.m in Sources */,
				886B107E1845E0F60058E949 /* CoolProj.xcdatamodeld in Sources */,
			);
			runOnlyForDeploymentPostprocessing = 0;
		};
		886B10811845E0F70058E949 /* Sources */ = {
			isa = PBXSourcesBuildPhase;
			buildActionMask = 2147483647;
			files = (
				886B10941845E0F70058E949 /* CoolProjTests.m in Sources */,
			);
			runOnlyForDeploymentPostprocessing = 0;
		};
/* End PBXSourcesBuildPhase section */

/* Begin PBXTargetDependency section */
		886B108C1845E0F70058E949 /* PBXTargetDependency */ = {
			isa = PBXTargetDependency;
			target = 886B10641845E0F60058E949 /* CoolProj */;
			targetProxy = 886B108B1845E0F70058E949 /* PBXContainerItemProxy */;
		};
/* End PBXTargetDependency section */

/* Begin PBXVariantGroup section */
		886B10731845E0F60058E949 /* InfoPlist.strings */ = {
			isa = PBXVariantGroup;
			children = (
				886B10741845E0F60058E949 /* en */,
			);
			name = InfoPlist.strings;
			sourceTree = "<group>";
		};
		886B10901845E0F70058E949 /* InfoPlist.strings */ = {
			isa = PBXVariantGroup;
			children = (
				886B10911845E0F70058E949 /* en */,
			);
			name = InfoPlist.strings;
			sourceTree = "<group>";
		};
/* End PBXVariantGroup section */

/* Begin XCBuildConfiguration section */
		886B10951845E0F70058E949 /* Debug */ = {
			isa = XCBuildConfiguration;
			buildSettings = {
				ALWAYS_SEARCH_USER_PATHS = NO;
				ARCHS = "$(ARCHS_STANDARD_INCLUDING_64_BIT)";
				CLANG_CXX_LANGUAGE_STANDARD = "gnu++0x";
				CLANG_CXX_LIBRARY = "libc++";
				CLANG_ENABLE_MODULES = YES;
				CLANG_ENABLE_OBJC_ARC = YES;
				CLANG_WARN_BOOL_CONVERSION = YES;
				CLANG_WARN_CONSTANT_CONVERSION = YES;
				CLANG_WARN_DIRECT_OBJC_ISA_USAGE = YES_ERROR;
				CLANG_WARN_EMPTY_BODY = YES;
				CLANG_WARN_ENUM_CONVERSION = YES;
				CLANG_WARN_INT_CONVERSION = YES;
				CLANG_WARN_OBJC_ROOT_CLASS = YES_ERROR;
				CLANG_WARN__DUPLICATE_METHOD_MATCH = YES;
				"CODE_SIGN_IDENTITY[sdk=iphoneos*]" = "iPhone Developer";
				COPY_PHASE_STRIP = NO;
				GCC_C_LANGUAGE_STANDARD = gnu99;
				GCC_DYNAMIC_NO_PIC = NO;
				GCC_OPTIMIZATION_LEVEL = 0;
				GCC_PREPROCESSOR_DEFINITIONS = (
					"DEBUG=1",
					"$(inherited)",
				);
				GCC_SYMBOLS_PRIVATE_EXTERN = NO;
				GCC_WARN_64_TO_32_BIT_CONVERSION = YES;
				GCC_WARN_ABOUT_RETURN_TYPE = YES_ERROR;
				GCC_WARN_UNDECLARED_SELECTOR = YES;
				GCC_WARN_UNINITIALIZED_AUTOS = YES;
				GCC_WARN_UNUSED_FUNCTION = YES;
				GCC_WARN_UNUSED_VARIABLE = YES;
				IPHONEOS_DEPLOYMENT_TARGET = 7.0;
				ONLY_ACTIVE_ARCH = YES;
				SDKROOT = iphoneos;
				TARGETED_DEVICE_FAMILY = "1,2";
			};
			name = Debug;
		};
		886B10961845E0F70058E949 /* Release */ = {
			isa = XCBuildConfiguration;
			buildSettings = {
				ALWAYS_SEARCH_USER_PATHS = NO;
				ARCHS = "$(ARCHS_STANDARD_INCLUDING_64_BIT)";
				CLANG_CXX_LANGUAGE_STANDARD = "gnu++0x";
				CLANG_CXX_LIBRARY = "libc++";
				CLANG_ENABLE_MODULES = YES;
				CLANG_ENABLE_OBJC_ARC = YES;
				CLANG_WARN_BOOL_CONVERSION = YES;
				CLANG_WARN_CONSTANT_CONVERSION = YES;
				CLANG_WARN_DIRECT_OBJC_ISA_USAGE = YES_ERROR;
				CLANG_WARN_EMPTY_BODY = YES;
				CLANG_WARN_ENUM_CONVERSION = YES;
				CLANG_WARN_INT_CONVERSION = YES;
				CLANG_WARN_OBJC_ROOT_CLASS = YES_ERROR;
				CLANG_WARN__DUPLICATE_METHOD_MATCH = YES;
				"CODE_SIGN_IDENTITY[sdk=iphoneos*]" = "iPhone Developer";
				COPY_PHASE_STRIP = YES;
				ENABLE_NS_ASSERTIONS = NO;
				GCC_C_LANGUAGE_STANDARD = gnu99;
				GCC_WARN_64_TO_32_BIT_CONVERSION = YES;
				GCC_WARN_ABOUT_RETURN_TYPE = YES_ERROR;
				GCC_WARN_UNDECLARED_SELECTOR = YES;
				GCC_WARN_UNINITIALIZED_AUTOS = YES;
				GCC_WARN_UNUSED_FUNCTION = YES;
				GCC_WARN_UNUSED_VARIABLE = YES;
				IPHONEOS_DEPLOYMENT_TARGET = 7.0;
				SDKROOT = iphoneos;
				TARGETED_DEVICE_FAMILY = "1,2";
				VALIDATE_PRODUCT = YES;
			};
			name = Release;
		};
		886B10981845E0F70058E949 /* Debug */ = {
			isa = XCBuildConfiguration;
			buildSettings = {
				ASSETCATALOG_COMPILER_APPICON_NAME = AppIcon;
				ASSETCATALOG_COMPILER_LAUNCHIMAGE_NAME = LaunchImage;
				GCC_PRECOMPILE_PREFIX_HEADER = YES;
				GCC_PREFIX_HEADER = "CoolProj/CoolProj-Prefix.pch";
				INFOPLIST_FILE = "CoolProj/CoolProj-Info.plist";
				PRODUCT_NAME = "$(TARGET_NAME)";
				WRAPPER_EXTENSION = app;
			};
			name = Debug;
		};
		886B10991845E0F70058E949 /* Release */ = {
			isa = XCBuildConfiguration;
			buildSettings = {
				ASSETCATALOG_COMPILER_APPICON_NAME = AppIcon;
				ASSETCATALOG_COMPILER_LAUNCHIMAGE_NAME = LaunchImage;
				GCC_PRECOMPILE_PREFIX_HEADER = YES;
				GCC_PREFIX_HEADER = "CoolProj/CoolProj-Prefix.pch";
				INFOPLIST_FILE = "CoolProj/CoolProj-Info.plist";
				PRODUCT_NAME = "$(TARGET_NAME)";
				WRAPPER_EXTENSION = app;
			};
			name = Release;
		};
		886B109B1845E0F70058E949 /* Debug */ = {
			isa = XCBuildConfiguration;
			buildSettings = {
				ARCHS = "$(ARCHS_STANDARD_INCLUDING_64_BIT)";
				BUNDLE_LOADER = "$(BUILT_PRODUCTS_DIR)/CoolProj.app/CoolProj";
				FRAMEWORK_SEARCH_PATHS = (
					"$(SDKROOT)/Developer/Library/Frameworks",
					"$(inherited)",
					"$(DEVELOPER_FRAMEWORKS_DIR)",
				);
				GCC_PRECOMPILE_PREFIX_HEADER = YES;
				GCC_PREFIX_HEADER = "CoolProj/CoolProj-Prefix.pch";
				GCC_PREPROCESSOR_DEFINITIONS = (
					"DEBUG=1",
					"$(inherited)",
				);
				INFOPLIST_FILE = "CoolProjTests/CoolProjTests-Info.plist";
				PRODUCT_NAME = "$(TARGET_NAME)";
				TEST_HOST = "$(BUNDLE_LOADER)";
				WRAPPER_EXTENSION = xctest;
			};
			name = Debug;
		};
		886B109C1845E0F70058E949 /* Release */ = {
			isa = XCBuildConfiguration;
			buildSettings = {
				ARCHS = "$(ARCHS_STANDARD_INCLUDING_64_BIT)";
				BUNDLE_LOADER = "$(BUILT_PRODUCTS_DIR)/CoolProj.app/CoolProj";
				FRAMEWORK_SEARCH_PATHS = (
					"$(SDKROOT)/Developer/Library/Frameworks",
					"$(inherited)",
					"$(DEVELOPER_FRAMEWORKS_DIR)",
				);
				GCC_PRECOMPILE_PREFIX_HEADER = YES;
				GCC_PREFIX_HEADER = "CoolProj/CoolProj-Prefix.pch";
				INFOPLIST_FILE = "CoolProjTests/CoolProjTests-Info.plist";
				PRODUCT_NAME = "$(TARGET_NAME)";
				TEST_HOST = "$(BUNDLE_LOADER)";
				WRAPPER_EXTENSION = xctest;
			};
			name = Release;
		};
/* End XCBuildConfiguration section */

/* Begin XCConfigurationList section */
		886B10601845E0F60058E949 /* Build configuration list for PBXProject "CoolProj" */ = {
			isa = XCConfigurationList;
			buildConfigurations = (
				886B10951845E0F70058E949 /* Debug */,
				886B10961845E0F70058E949 /* Release */,
			);
			defaultConfigurationIsVisible = 0;
			defaultConfigurationName = Release;
		};
		886B10971845E0F70058E949 /* Build configuration list for PBXNativeTarget "CoolProj" */ = {
			isa = XCConfigurationList;
			buildConfigurations = (
				886B10981845E0F70058E949 /* Debug */,
				886B10991845E0F70058E949 /* Release */,
			);
			defaultConfigurationIsVisible = 0;
		};
		886B109A1845E0F70058E949 /* Build configuration list for PBXNativeTarget "CoolProjTests" */ = {
			isa = XCConfigurationList;
			buildConfigurations = (
				886B109B1845E0F70058E949 /* Debug */,
				886B109C1845E0F70058E949 /* Release */,
			);
			defaultConfigurationIsVisible = 0;
		};
/* End XCConfigurationList section */

/* Begin XCVersionGroup section */
		886B107C1845E0F60058E949 /* CoolProj.xcdatamodeld */ = {
			isa = XCVersionGroup;
			children = (
				886B107D1845E0F60058E949 /* CoolProj.xcdatamodel */,
			);
			currentVersion = 886B107D1845E0F60058E949 /* CoolProj.xcdatamodel */;
			path = CoolProj.xcdatamodeld;
			sourceTree = "<group>";
			versionGroupType = wrapper.xcdatamodel;
		};
/* End XCVersionGroup section */
	};
	rootObject = 886B105D1845E0F60058E949 /* Project object */;
}
